{
  "version": 4,
  "terraform_version": "1.14.5",
  "serial": 26,
  "lineage": "5fcb3c54-a0c9-b43a-b759-ebaf1eb7b607",
  "outputs": {
    "file_content": {
      "value": "Hello from Terraform",
      "type": "string"
    },
    "file_name": {
      "value": "./balram.txt",
      "type": "string"
    }
  },
  "resources": [
    {
      "mode": "managed",
      "type": "local_file",
      "name": "hello",
      "provider": "provider[\"registry.terraform.io/hashicorp/local\"]",
      "instances": [
        {
          "schema_version": 0,
          "attributes": {
            "content": "Hello from Terraform",
            "content_base64": null,
            "content_base64sha256": "ZBE2ddM1Zpb3/lkYxX6ajXUnrvuOCbSMkeJjyYCHkxE=",
            "content_base64sha512": "o08NVNRMIULk/UZs+LzaLtPN4UiBQvVTsnB9h+zqDe2NnkaSaimYWthyJl5LplVhvkRDSSA4I6anJ4tAioLLmA==",
            "content_md5": "c48871f5223c18c15ef7a92203952a29",
            "content_sha1": "e4d8040f47c75fe38d88315d46db094b4736facd",
            "content_sha256": "64113675d3356696f7fe5918c57e9a8d7527aefb8e09b48c91e263c980879311",
            "content_sha512": "a34f0d54d44c2142e4fd466cf8bcda2ed3cde1488142f553b2707d87ecea0ded8d9e46926a29985ad872265e4ba65561be444349203823a6a7278b408a82cb98",
            "directory_permission": "0777",
            "file_permission": "0777",
            "filename": "./balram.txt",
            "id": "e4d8040f47c75fe38d88315d46db094b4736facd",
            "sensitive_content": null,
            "source": null
          },
          "sensitive_attributes": [
            [
              {
                "type": "get_attr",
                "value": "sensitive_content"
              }
            ]
          ],
          "identity_schema_version": 0
        }
      ]
    },
    {
      "mode": "managed",
      "type": "local_file",
      "name": "practice",
      "provider": "provider[\"registry.terraform.io/hashicorp/local\"]",
      "instances": [
        {
          "index_key": "dev",
          "schema_version": 0,
          "attributes": {
            "content": "Environment: dev",
            "content_base64": null,
            "content_base64sha256": "Xrs21eHV737y1n6CfZ8XEBngCWqayyFUGT4VbBc6Pj8=",
            "content_base64sha512": "CZWT4frPvRHCYFuwtPyY7JPXidvtp7bdSDQRt4TqqyTCTatUdtefBBsKkDx+aE8QPONmN0WVzNOxmo6h95lvAA==",
            "content_md5": "549a2f5c8e2909d116ea50a54da9f7e4",
            "content_sha1": "7861d155e2725ef24381378540e510593c74d03a",
            "content_sha256": "5ebb36d5e1d5ef7ef2d67e827d9f171019e0096a9acb2154193e156c173a3e3f",
            "content_sha512": "099593e1facfbd11c2605bb0b4fc98ec93d789dbeda7b6dd483411b784eaab24c24dab5476d79f041b0a903c7e684f103ce366374595ccd3b19a8ea1f7996f00",
            "directory_permission": "0777",
            "file_permission": "0777",
            "filename": "./dev.txt",
            "id": "7861d155e2725ef24381378540e510593c74d03a",
            "sensitive_content": null,
            "source": null
          },
          "sensitive_attributes": [
            [
              {
                "type": "get_attr",
                "value": "sensitive_content"
              }
            ]
          ],
          "identity_schema_version": 0
        },
        {
          "index_key": "prod",
          "schema_version": 0,
          "attributes": {
            "content": "Environment: prod",
            "content_base64": null,
            "content_base64sha256": "TQ7V38nIi5BLAnu/bCbVg47o6nKmj6lK3on/rvQdM0Y=",
            "content_base64sha512": "RHS3RDR7j9M5uxmeZZX6LYCoV6/KzzpO7XuWdVJ85iURkNTF5ewOj9fe+lWP5Plb30eGWkOcJPZxeLj9IN8jCQ==",
            "content_md5": "7863d747d02807231af0d9585e5a7e77",
            "content_sha1": "897363e3269beec07f5d4a0829c63f83780eea7c",
            "content_sha256": "4d0ed5dfc9c88b904b027bbf6c26d5838ee8ea72a68fa94ade89ffaef41d3346",
            "content_sha512": "4474b744347b8fd339bb199e6595fa2d80a857afcacf3a4eed7b9675527ce6251190d4c5e5ec0e8fd7defa558fe4f95bdf47865a439c24f67178b8fd20df2309",
            "directory_permission": "0777",
            "file_permission": "0777",
            "filename": "./prod.txt",
            "id": "897363e3269beec07f5d4a0829c63f83780eea7c",
            "sensitive_content": null,
            "source": null
          },
          "sensitive_attributes": [
            [
              {
                "type": "get_attr",
                "value": "sensitive_content"
              }
            ]
          ],
          "identity_schema_version": 0
        },
        {
          "index_key": "qa",
          "schema_version": 0,
          "attributes": {
            "content": "Environment: qa",
            "content_base64": null,
            "content_base64sha256": "LO89USQ9Un8Tiom1AU8pdqMVvuW1lyEbYw23j85rv+Q=",
            "content_base64sha512": "FRms+HSi5WiNgpI5Xnk3zUnIZtkKJ4YocIalTneVTggLX+ZjuHQ4Jd28/j8wkviMjx5HuIdwi0SWKMDvYv2s/g==",
            "content_md5": "79b4d790e526cc350401ac8f31eb63a9",
            "content_sha1": "c1ce947f61f14cea87d819c175f2551e88f0fc18",
            "content_sha256": "2cef3d51243d527f138a89b5014f2976a315bee5b597211b630db78fce6bbfe4",
            "content_sha512": "1519acf874a2e5688d8292395e7937cd49c866d90a2786287086a54e77954e080b5fe663b8743825ddbcfe3f3092f88c8f1e47b887708b449628c0ef62fdacfe",
            "directory_permission": "0777",
            "file_permission": "0777",
            "filename": "./qa.txt",
            "id": "c1ce947f61f14cea87d819c175f2551e88f0fc18",
            "sensitive_content": null,
            "source": null
          },
          "sensitive_attributes": [
            [
              {
                "type": "get_attr",
                "value": "sensitive_content"
              }
            ]
          ],
          "identity_schema_version": 0
        }
      ]
    }
  ],
  "check_results": null
}
