{
  "version": 4,
  "terraform_version": "1.14.5",
  "serial": 50,
  "lineage": "5fcb3c54-a0c9-b43a-b759-ebaf1eb7b607",
  "outputs": {
    "container_id": {
      "value": "1024ff3a945c60293993d9e418fff3b961c1639d6b8f08501654cf4ff77c434d",
      "type": "string"
    },
    "container_name": {
      "value": "terraform-state-nginx",
      "type": "string"
    },
    "image_name": {
      "value": "nginx:latest",
      "type": "string"
    }
  },
  "resources": [
    {
      "mode": "managed",
      "type": "docker_image",
      "name": "nginx",
      "provider": "provider[\"registry.terraform.io/kreuzwerker/docker\"]",
      "instances": [
        {
          "schema_version": 0,
          "attributes": {
            "build": [],
            "force_remove": null,
            "id": "sha256:abe47724e466aeab9a345d8e46a221c2fa8953c7848bb4a3bd9976a7199f8cf2nginx:latest",
            "image_id": "sha256:abe47724e466aeab9a345d8e46a221c2fa8953c7848bb4a3bd9976a7199f8cf2",
            "keep_locally": null,
            "name": "nginx:latest",
            "platform": null,
            "pull_triggers": null,
            "repo_digest": "nginx@sha256:abe47724e466aeab9a345d8e46a221c2fa8953c7848bb4a3bd9976a7199f8cf2",
            "timeouts": null,
            "triggers": null
          },
          "sensitive_attributes": [],
          "identity_schema_version": 0,
          "private": "eyJlMmJmYjczMC1lY2FhLTExZTYtOGY4OC0zNDM2M2JjN2M0YzAiOnsiY3JlYXRlIjoxMjAwMDAwMDAwMDAwLCJkZWxldGUiOjEyMDAwMDAwMDAwMDAsInVwZGF0ZSI6MTIwMDAwMDAwMDAwMH19"
        }
      ]
    }
  ],
  "check_results": null
}
