{
  "version": 4,
  "terraform_version": "1.14.5",
  "serial": 29,
  "lineage": "5fcb3c54-a0c9-b43a-b759-ebaf1eb7b607",
  "outputs": {
    "file_content": {
      "value": "Hello from Terraform",
      "type": "string"
    },
    "file_name": {
      "value": "./balram.txt",
      "type": "string"
    }
  },
  "resources": [
    {
      "mode": "managed",
      "type": "local_file",
      "name": "practice",
      "provider": "provider[\"registry.terraform.io/hashicorp/local\"]",
      "instances": [
        {
          "index_key": "qa",
          "schema_version": 0,
          "attributes": {
            "content": "Environment: qa",
            "content_base64": null,
            "content_base64sha256": "LO89USQ9Un8Tiom1AU8pdqMVvuW1lyEbYw23j85rv+Q=",
            "content_base64sha512": "FRms+HSi5WiNgpI5Xnk3zUnIZtkKJ4YocIalTneVTggLX+ZjuHQ4Jd28/j8wkviMjx5HuIdwi0SWKMDvYv2s/g==",
            "content_md5": "79b4d790e526cc350401ac8f31eb63a9",
            "content_sha1": "c1ce947f61f14cea87d819c175f2551e88f0fc18",
            "content_sha256": "2cef3d51243d527f138a89b5014f2976a315bee5b597211b630db78fce6bbfe4",
            "content_sha512": "1519acf874a2e5688d8292395e7937cd49c866d90a2786287086a54e77954e080b5fe663b8743825ddbcfe3f3092f88c8f1e47b887708b449628c0ef62fdacfe",
            "directory_permission": "0777",
            "file_permission": "0777",
            "filename": "./qa.txt",
            "id": "c1ce947f61f14cea87d819c175f2551e88f0fc18",
            "sensitive_content": null,
            "source": null
          },
          "sensitive_attributes": [
            [
              {
                "type": "get_attr",
                "value": "sensitive_content"
              }
            ]
          ],
          "identity_schema_version": 0
        }
      ]
    }
  ],
  "check_results": null
}
