{
  "version": 4,
  "terraform_version": "1.14.5",
  "serial": 19,
  "lineage": "5fcb3c54-a0c9-b43a-b759-ebaf1eb7b607",
  "outputs": {
    "file_content": {
      "value": "Hello from Terraform",
      "type": "string"
    },
    "file_name": {
      "value": "./balram.txt",
      "type": "string"
    }
  },
  "resources": [
    {
      "mode": "managed",
      "type": "local_file",
      "name": "hello",
      "provider": "provider[\"registry.terraform.io/hashicorp/local\"]",
      "instances": [
        {
          "schema_version": 0,
          "attributes": {
            "content": "Hello from Terraform",
            "content_base64": null,
            "content_base64sha256": "ZBE2ddM1Zpb3/lkYxX6ajXUnrvuOCbSMkeJjyYCHkxE=",
            "content_base64sha512": "o08NVNRMIULk/UZs+LzaLtPN4UiBQvVTsnB9h+zqDe2NnkaSaimYWthyJl5LplVhvkRDSSA4I6anJ4tAioLLmA==",
            "content_md5": "c48871f5223c18c15ef7a92203952a29",
            "content_sha1": "e4d8040f47c75fe38d88315d46db094b4736facd",
            "content_sha256": "64113675d3356696f7fe5918c57e9a8d7527aefb8e09b48c91e263c980879311",
            "content_sha512": "a34f0d54d44c2142e4fd466cf8bcda2ed3cde1488142f553b2707d87ecea0ded8d9e46926a29985ad872265e4ba65561be444349203823a6a7278b408a82cb98",
            "directory_permission": "0777",
            "file_permission": "0777",
            "filename": "./balram.txt",
            "id": "e4d8040f47c75fe38d88315d46db094b4736facd",
            "sensitive_content": null,
            "source": null
          },
          "sensitive_attributes": [
            [
              {
                "type": "get_attr",
                "value": "sensitive_content"
              }
            ]
          ],
          "identity_schema_version": 0
        }
      ]
    },
    {
      "mode": "managed",
      "type": "local_file",
      "name": "practice",
      "provider": "provider[\"registry.terraform.io/hashicorp/local\"]",
      "instances": [
        {
          "index_key": 0,
          "schema_version": 0,
          "attributes": {
            "content": "Terraform practice file 0",
            "content_base64": null,
            "content_base64sha256": "9Cw1gcQRrIp2807iwBPoFylKGW24ujb0WTIEHDJw1o0=",
            "content_base64sha512": "w9h1Mj/9RwBaKAatU/3PMMc+4cEBSagda3/mCFkdCMaBcAiLWiHYV1wdHIhCjFgeYvfQNUn1YRHowSWiza7Gdw==",
            "content_md5": "cf5e60925d927641b307aa4a40d6c3cc",
            "content_sha1": "0422821ae5ff1e2c7ab7c2691e0c6be5eddeffef",
            "content_sha256": "f42c3581c411ac8a76f34ee2c013e817294a196db8ba36f45932041c3270d68d",
            "content_sha512": "c3d875323ffd47005a2806ad53fdcf30c73ee1c10149a81d6b7fe608591d08c68170088b5a21d8575c1d1c88428c581e62f7d03549f56111e8c125a2cdaec677",
            "directory_permission": "0777",
            "file_permission": "0777",
            "filename": "./practice-0.txt",
            "id": "0422821ae5ff1e2c7ab7c2691e0c6be5eddeffef",
            "sensitive_content": null,
            "source": null
          },
          "sensitive_attributes": [
            [
              {
                "type": "get_attr",
                "value": "sensitive_content"
              }
            ]
          ],
          "identity_schema_version": 0
        },
        {
          "index_key": 1,
          "schema_version": 0,
          "attributes": {
            "content": "Terraform practice file 1",
            "content_base64": null,
            "content_base64sha256": "jfuf5YWqAi3jnWQc+LlGDTxKlv2qrl9B9BhkXyNEPL4=",
            "content_base64sha512": "snyM8K6MoeDuePQo6t8X1zUGK8bq15gGMD68TzNeG6NDz9q5VkPHkoI1C4xAMuqJsSSk229sHcSv6ZR3xRFSAA==",
            "content_md5": "51b8b342132a5c4f3fa1fd9f6faf1fd2",
            "content_sha1": "151eebc3eb6f6cb7d5c11aa655fa3184b493492a",
            "content_sha256": "8dfb9fe585aa022de39d641cf8b9460d3c4a96fdaaae5f41f418645f23443cbe",
            "content_sha512": "b27c8cf0ae8ca1e0ee78f428eadf17d735062bc6ead79806303ebc4f335e1ba343cfdab95643c79282350b8c4032ea89b124a4db6f6c1dc4afe99477c5115200",
            "directory_permission": "0777",
            "file_permission": "0777",
            "filename": "./practice-1.txt",
            "id": "151eebc3eb6f6cb7d5c11aa655fa3184b493492a",
            "sensitive_content": null,
            "source": null
          },
          "sensitive_attributes": [
            [
              {
                "type": "get_attr",
                "value": "sensitive_content"
              }
            ]
          ],
          "identity_schema_version": 0
        },
        {
          "index_key": 2,
          "schema_version": 0,
          "attributes": {
            "content": "Terraform practice file 2",
            "content_base64": null,
            "content_base64sha256": "pRU714D44ubT10yb3SUSf1f4DK5toFNejj6XDrorFEc=",
            "content_base64sha512": "YjPre7xvCYevprzmDQm8ymMTc8PHmst/Pfwdet6bhinYc+mhnXLd+p+woi53bQ71O4dTk5GdwwlDIN0Hyp0fmA==",
            "content_md5": "95f9e46dac03d9516f9e09c41e0984da",
            "content_sha1": "2c24eabc07e22238d370e6c7f1e54df9ae93abeb",
            "content_sha256": "a5153bd780f8e2e6d3d74c9bdd25127f57f80cae6da0535e8e3e970eba2b1447",
            "content_sha512": "6233eb7bbc6f0987afa6bce60d09bcca631373c3c79acb7f3dfc1d7ade9b8629d873e9a19d72ddfa9fb0a22e776d0ef53b875393919dc3094320dd07ca9d1f98",
            "directory_permission": "0777",
            "file_permission": "0777",
            "filename": "./practice-2.txt",
            "id": "2c24eabc07e22238d370e6c7f1e54df9ae93abeb",
            "sensitive_content": null,
            "source": null
          },
          "sensitive_attributes": [
            [
              {
                "type": "get_attr",
                "value": "sensitive_content"
              }
            ]
          ],
          "identity_schema_version": 0
        }
      ]
    }
  ],
  "check_results": null
}
